// !$*UTF8*$!
{
	archiveVersion = 1;
	classes = {
	};
	objectVersion = 56;
	objects = {

/* Begin PBXBuildFile section */
		576BDCAA2C0C86880063706F /* main.swift in Sources */ = {isa = PBXBuildFile; fileRef = 576BDCA92C0C86880063706F /* main.swift */; };
		576BDCB12C0C86A50063706F /* MyNotificationCenter.swift in Sources */ = {isa = PBXBuildFile; fileRef = 576BDCB02C0C86A50063706F /* MyNotificationCenter.swift */; };
		576BDCB92C0C93E50063706F /* MyNotificationCenterTests.swift in Sources */ = {isa = PBXBuildFile; fileRef = 576BDCB82C0C93E50063706F /* MyNotificationCenterTests.swift */; };
		576BDCBD2C0C94330063706F /* MyNotificationCenter.swift in Sources */ = {isa = PBXBuildFile; fileRef = 576BDCB02C0C86A50063706F /* MyNotificationCenter.swift */; };
/* End PBXBuildFile section */

/* Begin PBXCopyFilesBuildPhase section */
		576BDCA42C0C86880063706F /* CopyFiles */ = {
			isa = PBXCopyFilesBuildPhase;
			buildActionMask = 2147483647;
			dstPath = /usr/share/man/man1/;
			dstSubfolderSpec = 0;
			files = (
			);
			runOnlyForDeploymentPostprocessing = 1;
		};
/* End PBXCopyFilesBuildPhase section */

/* Begin PBXFileReference section */
		576BDCA62C0C86880063706F /* MyNotificationCenter */ = {isa = PBXFileReference; explicitFileType = "compiled.mach-o.executable"; includeInIndex = 0; path = MyNotificationCenter; sourceTree = BUILT_PRODUCTS_DIR; };
		576BDCA92C0C86880063706F /* main.swift */ = {isa = PBXFileReference; lastKnownFileType = sourcecode.swift; path = main.swift; sourceTree = "<group>"; };
		576BDCB02C0C86A50063706F /* MyNotificationCenter.swift */ = {isa = PBXFileReference; lastKnownFileType = sourcecode.swift; path = MyNotificationCenter.swift; sourceTree = "<group>"; };
		576BDCB62C0C93E50063706F /* MyNotificationCenterTests.xctest */ = {isa = PBXFileReference; explicitFileType = wrapper.cfbundle; includeInIndex = 0; path = MyNotificationCenterTests.xctest; sourceTree = BUILT_PRODUCTS_DIR; };
		576BDCB82C0C93E50063706F /* MyNotificationCenterTests.swift */ = {isa = PBXFileReference; lastKnownFileType = sourcecode.swift; path = MyNotificationCenterTests.swift; sourceTree = "<group>"; };
/* End PBXFileReference section */

/* Begin PBXFrameworksBuildPhase section */
		576BDCA32C0C86880063706F /* Frameworks */ = {
			isa = PBXFrameworksBuildPhase;
			buildActionMask = 2147483647;
			files = (
			);
			runOnlyForDeploymentPostprocessing = 0;
		};
		576BDCB32C0C93E50063706F /* Frameworks */ = {
			isa = PBXFrameworksBuildPhase;
			buildActionMask = 2147483647;
			files = (
			);
			runOnlyForDeploymentPostprocessing = 0;
		};
/* End PBXFrameworksBuildPhase section */

/* Begin PBXGroup section */
		576BDC9D2C0C86880063706F = {
			isa = PBXGroup;
			children = (
				576BDCA82C0C86880063706F /* MyNotificationCenter */,
				576BDCB72C0C93E50063706F /* MyNotificationCenterTests */,
				576BDCA72C0C86880063706F /* Products */,
			);
			sourceTree = "<group>";
		};
		576BDCA72C0C86880063706F /* Products */ = {
			isa = PBXGroup;
			children = (
				576BDCA62C0C86880063706F /* MyNotificationCenter */,
				576BDCB62C0C93E50063706F /* MyNotificationCenterTests.xctest */,
			);
			name = Products;
			sourceTree = "<group>";
		};
		576BDCA82C0C86880063706F /* MyNotificationCenter */ = {
			isa = PBXGroup;
			children = (
				576BDCA92C0C86880063706F /* main.swift */,
				576BDCB02C0C86A50063706F /* MyNotificationCenter.swift */,
			);
			path = MyNotificationCenter;
			sourceTree = "<group>";
		};
		576BDCB72C0C93E50063706F /* MyNotificationCenterTests */ = {
			isa = PBXGroup;
			children = (
				576BDCB82C0C93E50063706F /* MyNotificationCenterTests.swift */,
			);
			path = MyNotificationCenterTests;
			sourceTree = "<group>";
		};
/* End PBXGroup section */

/* Begin PBXNativeTarget section */
		576BDCA52C0C86880063706F /* MyNotificationCenter */ = {
			isa = PBXNativeTarget;
			buildConfigurationList = 576BDCAD2C0C86880063706F /* Build configuration list for PBXNativeTarget "MyNotificationCenter" */;
			buildPhases = (
				576BDCA22C0C86880063706F /* Sources */,
				576BDCA32C0C86880063706F /* Frameworks */,
				576BDCA42C0C86880063706F /* CopyFiles */,
			);
			buildRules = (
			);
			dependencies = (
			);
			name = MyNotificationCenter;
			productName = MyNotificationCenter;
			productReference = 576BDCA62C0C86880063706F /* MyNotificationCenter */;
			productType = "com.apple.product-type.tool";
		};
		576BDCB52C0C93E50063706F /* MyNotificationCenterTests */ = {
			isa = PBXNativeTarget;
			buildConfigurationList = 576BDCBA2C0C93E50063706F /* Build configuration list for PBXNativeTarget "MyNotificationCenterTests" */;
			buildPhases = (
				576BDCB22C0C93E50063706F /* Sources */,
				576BDCB32C0C93E50063706F /* Frameworks */,
				576BDCB42C0C93E50063706F /* Resources */,
			);
			buildRules = (
			);
			dependencies = (
			);
			name = MyNotificationCenterTests;
			productName = MyNotificationCenterTests;
			productReference = 576BDCB62C0C93E50063706F /* MyNotificationCenterTests.xctest */;
			productType = "com.apple.product-type.bundle.unit-test";
		};
/* End PBXNativeTarget section */

/* Begin PBXProject section */
		576BDC9E2C0C86880063706F /* Project object */ = {
			isa = PBXProject;
			attributes = {
				BuildIndependentTargetsInParallel = 1;
				LastSwiftUpdateCheck = 1540;
				LastUpgradeCheck = 1540;
				TargetAttributes = {
					576BDCA52C0C86880063706F = {
						CreatedOnToolsVersion = 15.4;
					};
					576BDCB52C0C93E50063706F = {
						CreatedOnToolsVersion = 15.4;
					};
				};
			};
			buildConfigurationList = 576BDCA12C0C86880063706F /* Build configuration list for PBXProject "MyNotificationCenter" */;
			compatibilityVersion = "Xcode 14.0";
			developmentRegion = en;
			hasScannedForEncodings = 0;
			knownRegions = (
				en,
				Base,
			);
			mainGroup = 576BDC9D2C0C86880063706F;
			productRefGroup = 576BDCA72C0C86880063706F /* Products */;
			projectDirPath = "";
			projectRoot = "";
			targets = (
				576BDCA52C0C86880063706F /* MyNotificationCenter */,
				576BDCB52C0C93E50063706F /* MyNotificationCenterTests */,
			);
		};
/* End PBXProject section */

/* Begin PBXResourcesBuildPhase section */
		576BDCB42C0C93E50063706F /* Resources */ = {
			isa = PBXResourcesBuildPhase;
			buildActionMask = 2147483647;
			files = (
			);
			runOnlyForDeploymentPostprocessing = 0;
		};
/* End PBXResourcesBuildPhase section */

/* Begin PBXSourcesBuildPhase section */
		576BDCA22C0C86880063706F /* Sources */ = {
			isa = PBXSourcesBuildPhase;
			buildActionMask = 2147483647;
			files = (
				576BDCAA2C0C86880063706F /* main.swift in Sources */,
				576BDCB12C0C86A50063706F /* MyNotificationCenter.swift in Sources */,
			);
			runOnlyForDeploymentPostprocessing = 0;
		};
		576BDCB22C0C93E50063706F /* Sources */ = {
			isa = PBXSourcesBuildPhase;
			buildActionMask = 2147483647;
			files = (
				576BDCB92C0C93E50063706F /* MyNotificationCenterTests.swift in Sources */,
				576BDCBD2C0C94330063706F /* MyNotificationCenter.swift in Sources */,
			);
			runOnlyForDeploymentPostprocessing = 0;
		};
/* End PBXSourcesBuildPhase section */

/* Begin XCBuildConfiguration section */
		576BDCAB2C0C86880063706F /* Debug */ = {
			isa = XCBuildConfiguration;
			buildSettings = {
				ALWAYS_SEARCH_USER_PATHS = NO;
				ASSETCATALOG_COMPILER_GENERATE_SWIFT_ASSET_SYMBOL_EXTENSIONS = YES;
				CLANG_ANALYZER_NONNULL = YES;
				CLANG_ANALYZER_NUMBER_OBJECT_CONVERSION = YES_AGGRESSIVE;
				CLANG_CXX_LANGUAGE_STANDARD = "gnu++20";
				CLANG_ENABLE_MODULES = YES;
				CLANG_ENABLE_OBJC_ARC = YES;
				CLANG_ENABLE_OBJC_WEAK = YES;
				CLANG_WARN_BLOCK_CAPTURE_AUTORELEASING = YES;
				CLANG_WARN_BOOL_CONVERSION = YES;
				CLANG_WARN_COMMA = YES;
				CLANG_WARN_CONSTANT_CONVERSION = YES;
				CLANG_WARN_DEPRECATED_OBJC_IMPLEMENTATIONS = YES;
				CLANG_WARN_DIRECT_OBJC_ISA_USAGE = YES_ERROR;
				CLANG_WARN_DOCUMENTATION_COMMENTS = YES;
				CLANG_WARN_EMPTY_BODY = YES;
				CLANG_WARN_ENUM_CONVERSION = YES;
				CLANG_WARN_INFINITE_RECURSION = YES;
				CLANG_WARN_INT_CONVERSION = YES;
				CLANG_WARN_NON_LITERAL_NULL_CONVERSION = YES;
				CLANG_WARN_OBJC_IMPLICIT_RETAIN_SELF = YES;
				CLANG_WARN_OBJC_LITERAL_CONVERSION = YES;
				CLANG_WARN_OBJC_ROOT_CLASS = YES_ERROR;
				CLANG_WARN_QUOTED_INCLUDE_IN_FRAMEWORK_HEADER = YES;
				CLANG_WARN_RANGE_LOOP_ANALYSIS = YES;
				CLANG_WARN_STRICT_PROTOTYPES = YES;
				CLANG_WARN_SUSPICIOUS_MOVE = YES;
				CLANG_WARN_UNGUARDED_AVAILABILITY = YES_AGGRESSIVE;
				CLANG_WARN_UNREACHABLE_CODE = YES;
				CLANG_WARN__DUPLICATE_METHOD_MATCH = YES;
				COPY_PHASE_STRIP = NO;
				DEBUG_INFORMATION_FORMAT = dwarf;
				ENABLE_STRICT_OBJC_MSGSEND = YES;
				ENABLE_TESTABILITY = YES;
				ENABLE_USER_SCRIPT_SANDBOXING = YES;
				GCC_C_LANGUAGE_STANDARD = gnu17;
				GCC_DYNAMIC_NO_PIC = NO;
				GCC_NO_COMMON_BLOCKS = YES;
				GCC_OPTIMIZATION_LEVEL = 0;
				GCC_PREPROCESSOR_DEFINITIONS = (
					"DEBUG=1",
					"$(inherited)",
				);
				GCC_WARN_64_TO_32_BIT_CONVERSION = YES;
				GCC_WARN_ABOUT_RETURN_TYPE = YES_ERROR;
				GCC_WARN_UNDECLARED_SELECTOR = YES;
				GCC_WARN_UNINITIALIZED_AUTOS = YES_AGGRESSIVE;
				GCC_WARN_UNUSED_FUNCTION = YES;
				GCC_WARN_UNUSED_VARIABLE = YES;
				LOCALIZATION_PREFERS_STRING_CATALOGS = YES;
				MACOSX_DEPLOYMENT_TARGET = 14.4;
				MTL_ENABLE_DEBUG_INFO = INCLUDE_SOURCE;
				MTL_FAST_MATH = YES;
				ONLY_ACTIVE_ARCH = YES;
				SDKROOT = macosx;
				SWIFT_ACTIVE_COMPILATION_CONDITIONS = "DEBUG $(inherited)";
				SWIFT_OPTIMIZATION_LEVEL = "-Onone";
			};
			name = Debug;
		};
		576BDCAC2C0C86880063706F /* Release */ = {
			isa = XCBuildConfiguration;
			buildSettings = {
				ALWAYS_SEARCH_USER_PATHS = NO;
				ASSETCATALOG_COMPILER_GENERATE_SWIFT_ASSET_SYMBOL_EXTENSIONS = YES;
				CLANG_ANALYZER_NONNULL = YES;
				CLANG_ANALYZER_NUMBER_OBJECT_CONVERSION = YES_AGGRESSIVE;
				CLANG_CXX_LANGUAGE_STANDARD = "gnu++20";
				CLANG_ENABLE_MODULES = YES;
				CLANG_ENABLE_OBJC_ARC = YES;
				CLANG_ENABLE_OBJC_WEAK = YES;
				CLANG_WARN_BLOCK_CAPTURE_AUTORELEASING = YES;
				CLANG_WARN_BOOL_CONVERSION = YES;
				CLANG_WARN_COMMA = YES;
				CLANG_WARN_CONSTANT_CONVERSION = YES;
				CLANG_WARN_DEPRECATED_OBJC_IMPLEMENTATIONS = YES;
				CLANG_WARN_DIRECT_OBJC_ISA_USAGE = YES_ERROR;
				CLANG_WARN_DOCUMENTATION_COMMENTS = YES;
				CLANG_WARN_EMPTY_BODY = YES;
				CLANG_WARN_ENUM_CONVERSION = YES;
				CLANG_WARN_INFINITE_RECURSION = YES;
				CLANG_WARN_INT_CONVERSION = YES;
				CLANG_WARN_NON_LITERAL_NULL_CONVERSION = YES;
				CLANG_WARN_OBJC_IMPLICIT_RETAIN_SELF = YES;
				CLANG_WARN_OBJC_LITERAL_CONVERSION = YES;
				CLANG_WARN_OBJC_ROOT_CLASS = YES_ERROR;
				CLANG_WARN_QUOTED_INCLUDE_IN_FRAMEWORK_HEADER = YES;
				CLANG_WARN_RANGE_LOOP_ANALYSIS = YES;
				CLANG_WARN_STRICT_PROTOTYPES = YES;
				CLANG_WARN_SUSPICIOUS_MOVE = YES;
				CLANG_WARN_UNGUARDED_AVAILABILITY = YES_AGGRESSIVE;
				CLANG_WARN_UNREACHABLE_CODE = YES;
				CLANG_WARN__DUPLICATE_METHOD_MATCH = YES;
				COPY_PHASE_STRIP = NO;
				DEBUG_INFORMATION_FORMAT = "dwarf-with-dsym";
				ENABLE_NS_ASSERTIONS = NO;
				ENABLE_STRICT_OBJC_MSGSEND = YES;
				ENABLE_USER_SCRIPT_SANDBOXING = YES;
				GCC_C_LANGUAGE_STANDARD = gnu17;
				GCC_NO_COMMON_BLOCKS = YES;
				GCC_WARN_64_TO_32_BIT_CONVERSION = YES;
				GCC_WARN_ABOUT_RETURN_TYPE = YES_ERROR;
				GCC_WARN_UNDECLARED_SELECTOR = YES;
				GCC_WARN_UNINITIALIZED_AUTOS = YES_AGGRESSIVE;
				GCC_WARN_UNUSED_FUNCTION = YES;
				GCC_WARN_UNUSED_VARIABLE = YES;
				LOCALIZATION_PREFERS_STRING_CATALOGS = YES;
				MACOSX_DEPLOYMENT_TARGET = 14.4;
				MTL_ENABLE_DEBUG_INFO = NO;
				MTL_FAST_MATH = YES;
				SDKROOT = macosx;
				SWIFT_COMPILATION_MODE = wholemodule;
			};
			name = Release;
		};
		576BDCAE2C0C86880063706F /* Debug */ = {
			isa = XCBuildConfiguration;
			buildSettings = {
				CODE_SIGN_STYLE = Automatic;
				PRODUCT_NAME = "$(TARGET_NAME)";
				SWIFT_VERSION = 5.0;
			};
			name = Debug;
		};
		576BDCAF2C0C86880063706F /* Release */ = {
			isa = XCBuildConfiguration;
			buildSettings = {
				CODE_SIGN_STYLE = Automatic;
				PRODUCT_NAME = "$(TARGET_NAME)";
				SWIFT_VERSION = 5.0;
			};
			name = Release;
		};
		576BDCBB2C0C93E50063706F /* Debug */ = {
			isa = XCBuildConfiguration;
			buildSettings = {
				CODE_SIGN_STYLE = Automatic;
				CURRENT_PROJECT_VERSION = 1;
				GENERATE_INFOPLIST_FILE = YES;
				MARKETING_VERSION = 1.0;
				PRODUCT_BUNDLE_IDENTIFIER = binoy.MyNotificationCenterTests;
				PRODUCT_NAME = "$(TARGET_NAME)";
				SWIFT_EMIT_LOC_STRINGS = NO;
				SWIFT_VERSION = 5.0;
			};
			name = Debug;
		};
		576BDCBC2C0C93E50063706F /* Release */ = {
			isa = XCBuildConfiguration;
			buildSettings = {
				CODE_SIGN_STYLE = Automatic;
				CURRENT_PROJECT_VERSION = 1;
				GENERATE_INFOPLIST_FILE = YES;
				MARKETING_VERSION = 1.0;
				PRODUCT_BUNDLE_IDENTIFIER = binoy.MyNotificationCenterTests;
				PRODUCT_NAME = "$(TARGET_NAME)";
				SWIFT_EMIT_LOC_STRINGS = NO;
				SWIFT_VERSION = 5.0;
			};
			name = Release;
		};
/* End XCBuildConfiguration section */

/* Begin XCConfigurationList section */
		576BDCA12C0C86880063706F /* Build configuration list for PBXProject "MyNotificationCenter" */ = {
			isa = XCConfigurationList;
			buildConfigurations = (
				576BDCAB2C0C86880063706F /* Debug */,
				576BDCAC2C0C86880063706F /* Release */,
			);
			defaultConfigurationIsVisible = 0;
			defaultConfigurationName = Release;
		};
		576BDCAD2C0C86880063706F /* Build configuration list for PBXNativeTarget "MyNotificationCenter" */ = {
			isa = XCConfigurationList;
			buildConfigurations = (
				576BDCAE2C0C86880063706F /* Debug */,
				576BDCAF2C0C86880063706F /* Release */,
			);
			defaultConfigurationIsVisible = 0;
			defaultConfigurationName = Release;
		};
		576BDCBA2C0C93E50063706F /* Build configuration list for PBXNativeTarget "MyNotificationCenterTests" */ = {
			isa = XCConfigurationList;
			buildConfigurations = (
				576BDCBB2C0C93E50063706F /* Debug */,
				576BDCBC2C0C93E50063706F /* Release */,
			);
			defaultConfigurationIsVisible = 0;
			defaultConfigurationName = Release;
		};
/* End XCConfigurationList section */
	};
	rootObject = 576BDC9E2C0C86880063706F /* Project object */;
}
